
Microsoft Visual Studio Solution File, Format Version 12.00
# Visual Studio Version 17
VisualStudioVersion = 17.1.32421.90
MinimumVisualStudioVersion = 10.0.40219.1
Project("{FAE04EC0-301F-11D3-BF4B-00C04F79EFBC}") = "LoanSolution.Api", "LoanSolution.Api\LoanSolution.Api.csproj", "{5D62D604-2677-4EE7-B6F9-B47EA36FB796}"
EndProject
Project("{FAE04EC0-301F-11D3-BF4B-00C04F79EFBC}") = "LoanSolution.Core", "LoanSolution.Core\LoanSolution.Core.csproj", "{EA62359A-CFBE-4949-B10E-FEFF0D72DF97}"
EndProject
Project("{FAE04EC0-301F-11D3-BF4B-00C04F79EFBC}") = "LoanSolution.Persistence", "LoanSolution.Persistence\LoanSolution.Persistence.csproj", "{C9F8A9B3-1027-442F-B598-B172EBC37001}"
EndProject
Global
	GlobalSection(SolutionConfigurationPlatforms) = preSolution
		Debug|Any CPU = Debug|Any CPU
		Release|Any CPU = Release|Any CPU
	EndGlobalSection
	GlobalSection(ProjectConfigurationPlatforms) = postSolution
		{5D62D604-2677-4EE7-B6F9-B47EA36FB796}.Debug|Any CPU.ActiveCfg = Debug|Any CPU
		{5D62D604-2677-4EE7-B6F9-B47EA36FB796}.Debug|Any CPU.Build.0 = Debug|Any CPU
		{5D62D604-2677-4EE7-B6F9-B47EA36FB796}.Release|Any CPU.ActiveCfg = Release|Any CPU
		{5D62D604-2677-4EE7-B6F9-B47EA36FB796}.Release|Any CPU.Build.0 = Release|Any CPU
		{EA62359A-CFBE-4949-B10E-FEFF0D72DF97}.Debug|Any CPU.ActiveCfg = Debug|Any CPU
		{EA62359A-CFBE-4949-B10E-FEFF0D72DF97}.Debug|Any CPU.Build.0 = Debug|Any CPU
		{EA62359A-CFBE-4949-B10E-FEFF0D72DF97}.Release|Any CPU.ActiveCfg = Release|Any CPU
		{EA62359A-CFBE-4949-B10E-FEFF0D72DF97}.Release|Any CPU.Build.0 = Release|Any CPU
		{C9F8A9B3-1027-442F-B598-B172EBC37001}.Debug|Any CPU.ActiveCfg = Debug|Any CPU
		{C9F8A9B3-1027-442F-B598-B172EBC37001}.Debug|Any CPU.Build.0 = Debug|Any CPU
		{C9F8A9B3-1027-442F-B598-B172EBC37001}.Release|Any CPU.ActiveCfg = Release|Any CPU
		{C9F8A9B3-1027-442F-B598-B172EBC37001}.Release|Any CPU.Build.0 = Release|Any CPU
	EndGlobalSection
	GlobalSection(SolutionProperties) = preSolution
		HideSolutionNode = FALSE
	EndGlobalSection
	GlobalSection(ExtensibilityGlobals) = postSolution
		SolutionGuid = {146BF1AA-C8B5-42B6-ACA7-16F6ABAFEDA2}
	EndGlobalSection
EndGlobal
